{
  "lockfile_version": "1",
  "packages": {
    "github:NixOS/nixpkgs/nixpkgs-unstable": {
      "last_modified": "2025-07-02T23:15:33Z",
      "resolved": "github:NixOS/nixpkgs/d55716bb59b91ae9d1ced4b1ccdea7a442ecbfdb?lastModified=1751498133&narHash=sha256-QWJ%2BNQbMU%2BNcU2xiyo7SNox1fAuwksGlQhpzBl76g1I%3D"
    }
  }
}
